
Microsoft Visual Studio Solution File, Format Version 12.00
# Visual Studio Version 17
VisualStudioVersion = 17.9.34616.47
MinimumVisualStudioVersion = 10.0.40219.1
Project("{FAE04EC0-301F-11D3-BF4B-00C04F79EFBC}") = "Primitive Graphic Editor", "Primitive Graphic Editor\Primitive Graphic Editor.csproj", "{2BA9B020-87EA-4A57-86E5-CEC0481A73B0}"
EndProject
Global
	GlobalSection(SolutionConfigurationPlatforms) = preSolution
		Debug|Any CPU = Debug|Any CPU
		Release|Any CPU = Release|Any CPU
	EndGlobalSection
	GlobalSection(ProjectConfigurationPlatforms) = postSolution
		{2BA9B020-87EA-4A57-86E5-CEC0481A73B0}.Debug|Any CPU.ActiveCfg = Debug|Any CPU
		{2BA9B020-87EA-4A57-86E5-CEC0481A73B0}.Debug|Any CPU.Build.0 = Debug|Any CPU
		{2BA9B020-87EA-4A57-86E5-CEC0481A73B0}.Release|Any CPU.ActiveCfg = Release|Any CPU
		{2BA9B020-87EA-4A57-86E5-CEC0481A73B0}.Release|Any CPU.Build.0 = Release|Any CPU
	EndGlobalSection
	GlobalSection(SolutionProperties) = preSolution
		HideSolutionNode = FALSE
	EndGlobalSection
	GlobalSection(ExtensibilityGlobals) = postSolution
		SolutionGuid = {4735C0CA-542D-4B3B-B645-9CFCC61FEE03}
	EndGlobalSection
EndGlobal
